PATH
  remote: /Users/ben/src/active_record_shards
  specs:
    active_record_shards (2.6.7)
      activerecord (>= 2.3.5, < 3.3)

GEM
  remote: http://rubygems.org/
  specs:
    activemodel (3.2.11)
      activesupport (= 3.2.11)
      builder (~> 3.0.0)
    activerecord (3.2.11)
      activemodel (= 3.2.11)
      activesupport (= 3.2.11)
      arel (~> 3.0.2)
      tzinfo (~> 0.3.29)
    activesupport (3.2.11)
      i18n (~> 0.6)
      multi_json (~> 1.0)
    appraisal (0.5.1)
      bundler
      rake
    arel (3.0.2)
    builder (3.0.4)
    columnize (0.3.6)
    debugger (1.2.4)
      columnize (>= 0.3.1)
      debugger-linecache (~> 1.1.1)
      debugger-ruby_core_source (~> 1.1.7)
    debugger-linecache (1.1.2)
      debugger-ruby_core_source (>= 1.1.1)
    debugger-ruby_core_source (1.1.7)
    i18n (0.6.1)
    metaclass (0.0.1)
    mocha (0.12.0)
      metaclass (~> 0.0.1)
    multi_json (1.5.0)
    mysql (2.8.1)
    mysql2 (0.3.11)
    rake (10.0.3)
    shoulda (3.3.2)
      shoulda-context (~> 1.0.1)
      shoulda-matchers (~> 1.4.1)
    shoulda-context (1.0.2)
    shoulda-matchers (1.4.1)
      activesupport (>= 3.0.0)
    test-unit (2.5.3)
    tzinfo (0.3.35)

PLATFORMS
  ruby

DEPENDENCIES
  active_record_shards!
  activerecord (~> 3.2.6)
  appraisal
  bundler
  debugger
  mocha (= 0.12.0)
  mysql
  mysql2 (~> 0.3.0)
  rake
  shoulda
  test-unit (>= 2.5.1)
