PATH
  remote: ../
  specs:
    active_record_shards (3.3.3)
      activerecord (>= 3.2.16, < 5.0)
      activesupport (>= 3.2.16, < 5.0)

GEM
  remote: https://rubygems.org/
  specs:
    activemodel (3.2.21)
      activesupport (= 3.2.21)
      builder (~> 3.0.0)
    activerecord (3.2.21)
      activemodel (= 3.2.21)
      activesupport (= 3.2.21)
      arel (~> 3.0.2)
      tzinfo (~> 0.3.29)
    activesupport (3.2.21)
      i18n (~> 0.6, >= 0.6.4)
      multi_json (~> 1.0)
    arel (3.0.3)
    builder (3.0.4)
    bump (0.5.1)
    byebug (3.5.1)
      columnize (~> 0.8)
      debugger-linecache (~> 1.2)
      slop (~> 3.6)
    columnize (0.9.0)
    debugger-linecache (1.2.0)
    i18n (0.7.0)
    metaclass (0.0.4)
    minitest (5.5.0)
    minitest-rg (5.1.0)
      minitest (~> 5.0)
    mocha (1.1.0)
      metaclass (~> 0.0.1)
    multi_json (1.10.1)
    mysql2 (0.3.17)
    rake (10.4.2)
    slop (3.6.0)
    tzinfo (0.3.42)
    wwtd (0.7.0)

PLATFORMS
  ruby

DEPENDENCIES
  active_record_shards!
  activerecord (~> 3.2.19)
  bump
  byebug
  minitest
  minitest-rg
  mocha
  mysql2
  rake
  wwtd
